
Microsoft Visual Studio Solution File, Format Version 12.00
# Visual Studio Version 17
VisualStudioVersion = 17.6.33829.357
MinimumVisualStudioVersion = 10.0.40219.1
Project("{FAE04EC0-301F-11D3-BF4B-00C04F79EFBC}") = "SpotifyDemo.DAL", "SpotifyDemo.DAL\SpotifyDemo.DAL.csproj", "{2B124781-5255-4CB2-81F6-C7E095956E33}"
EndProject
Project("{FAE04EC0-301F-11D3-BF4B-00C04F79EFBC}") = "SpotifyDemo.BLL", "SpotifyDemo.BLL\SpotifyDemo.BLL.csproj", "{A3D3A044-14C8-4966-954D-2A1A4B5DBADB}"
EndProject
Project("{FAE04EC0-301F-11D3-BF4B-00C04F79EFBC}") = "SpotifyDemo.UI.WinForms", "SpotifyDemo.UI.WinForms\SpotifyDemo.UI.WinForms.csproj", "{84D2CFD7-62C9-4792-B130-B7B5777C89D3}"
EndProject
Global
	GlobalSection(SolutionConfigurationPlatforms) = preSolution
		Debug|Any CPU = Debug|Any CPU
		Release|Any CPU = Release|Any CPU
	EndGlobalSection
	GlobalSection(ProjectConfigurationPlatforms) = postSolution
		{2B124781-5255-4CB2-81F6-C7E095956E33}.Debug|Any CPU.ActiveCfg = Debug|Any CPU
		{2B124781-5255-4CB2-81F6-C7E095956E33}.Debug|Any CPU.Build.0 = Debug|Any CPU
		{2B124781-5255-4CB2-81F6-C7E095956E33}.Release|Any CPU.ActiveCfg = Release|Any CPU
		{2B124781-5255-4CB2-81F6-C7E095956E33}.Release|Any CPU.Build.0 = Release|Any CPU
		{A3D3A044-14C8-4966-954D-2A1A4B5DBADB}.Debug|Any CPU.ActiveCfg = Debug|Any CPU
		{A3D3A044-14C8-4966-954D-2A1A4B5DBADB}.Debug|Any CPU.Build.0 = Debug|Any CPU
		{A3D3A044-14C8-4966-954D-2A1A4B5DBADB}.Release|Any CPU.ActiveCfg = Release|Any CPU
		{A3D3A044-14C8-4966-954D-2A1A4B5DBADB}.Release|Any CPU.Build.0 = Release|Any CPU
		{84D2CFD7-62C9-4792-B130-B7B5777C89D3}.Debug|Any CPU.ActiveCfg = Debug|Any CPU
		{84D2CFD7-62C9-4792-B130-B7B5777C89D3}.Debug|Any CPU.Build.0 = Debug|Any CPU
		{84D2CFD7-62C9-4792-B130-B7B5777C89D3}.Release|Any CPU.ActiveCfg = Release|Any CPU
		{84D2CFD7-62C9-4792-B130-B7B5777C89D3}.Release|Any CPU.Build.0 = Release|Any CPU
	EndGlobalSection
	GlobalSection(SolutionProperties) = preSolution
		HideSolutionNode = FALSE
	EndGlobalSection
	GlobalSection(ExtensibilityGlobals) = postSolution
		SolutionGuid = {0B6382FA-7E52-4E67-9856-7A46F3239C06}
	EndGlobalSection
EndGlobal
